lockfileVersion: '9.0'

settings:
  autoInstallPeers: true
  excludeLinksFromLockfile: false

importers:

  .:
    dependencies:
      '@assemblyscript/loader':
        specifier: ^0.27.28
        version: 0.27.28
    devDependencies:
      assemblyscript:
        specifier: ^0.27.28
        version: 0.27.28

packages:

  '@assemblyscript/loader@0.27.28':
    resolution: {integrity: sha512-zLvGXQscgUu7R1xYBKvVvZCemEgWsTkT36fYHFMkG8H8Fvp+QzkgZ6WtGlM9WgnaQ21kxRk/gcqU60yQH6pmQw==}

  assemblyscript@0.27.28:
    resolution: {integrity: sha512-1Je7hWnDH6og7TnYAD7HDeZfxBkyC3reyEexMbZ6pUKpLohbnMMPqylD5/gVAUh/n82LKb3AiFl7W6VSapLTRQ==}
    engines: {node: '>=16', npm: '>=7'}
    hasBin: true

  binaryen@116.0.0-nightly.20240114:
    resolution: {integrity: sha512-0GZrojJnuhoe+hiwji7QFaL3tBlJoA+KFUN7ouYSDGZLSo9CKM8swQX8n/UcbR0d1VuZKU+nhogNzv423JEu5A==}
    hasBin: true

  long@5.2.3:
    resolution: {integrity: sha512-lcHwpNoggQTObv5apGNCTdJrO69eHOZMi4BNC+rTLER8iHAqGrUVeLh/irVIM7zTw2bOXA8T6uNPeujwOLg/2Q==}

snapshots:

  '@assemblyscript/loader@0.27.28': {}

  assemblyscript@0.27.28:
    dependencies:
      binaryen: 116.0.0-nightly.20240114
      long: 5.2.3

  binaryen@116.0.0-nightly.20240114: {}

  long@5.2.3: {}
